
Microsoft Visual Studio Solution File, Format Version 12.00
# Visual Studio 14
VisualStudioVersion = 14.0.24720.0
MinimumVisualStudioVersion = 10.0.40219.1
Project("{FAE04EC0-301F-11D3-BF4B-00C04F79EFBC}") = "ConsoleProgress", "ConsoleProgress\ConsoleProgress.csproj", "{09F526DA-D3AC-459E-914D-B361FC22531F}"
EndProject
Project("{FAE04EC0-301F-11D3-BF4B-00C04F79EFBC}") = "ConsoleProgress.TestApp", "ConsoleProgress.TestApp\ConsoleProgress.TestApp.csproj", "{8B72A673-CAE5-4803-8BB1-C88AA5546AA4}"
EndProject
Global
	GlobalSection(SolutionConfigurationPlatforms) = preSolution
		Debug|Any CPU = Debug|Any CPU
		Release|Any CPU = Release|Any CPU
	EndGlobalSection
	GlobalSection(ProjectConfigurationPlatforms) = postSolution
		{09F526DA-D3AC-459E-914D-B361FC22531F}.Debug|Any CPU.ActiveCfg = Debug|Any CPU
		{09F526DA-D3AC-459E-914D-B361FC22531F}.Debug|Any CPU.Build.0 = Debug|Any CPU
		{09F526DA-D3AC-459E-914D-B361FC22531F}.Release|Any CPU.ActiveCfg = Release|Any CPU
		{09F526DA-D3AC-459E-914D-B361FC22531F}.Release|Any CPU.Build.0 = Release|Any CPU
		{8B72A673-CAE5-4803-8BB1-C88AA5546AA4}.Debug|Any CPU.ActiveCfg = Debug|Any CPU
		{8B72A673-CAE5-4803-8BB1-C88AA5546AA4}.Debug|Any CPU.Build.0 = Debug|Any CPU
		{8B72A673-CAE5-4803-8BB1-C88AA5546AA4}.Release|Any CPU.ActiveCfg = Release|Any CPU
		{8B72A673-CAE5-4803-8BB1-C88AA5546AA4}.Release|Any CPU.Build.0 = Release|Any CPU
	EndGlobalSection
	GlobalSection(SolutionProperties) = preSolution
		HideSolutionNode = FALSE
	EndGlobalSection
EndGlobal
